
Microsoft Visual Studio Solution File, Format Version 12.00
# Visual Studio Version 16
VisualStudioVersion = 16.0.808.8
MinimumVisualStudioVersion = 10.0.40219.1
Project("{FAE04EC0-301F-11D3-BF4B-00C04F79EFBC}") = "Notes.iOS", "Notes.iOS\Notes.iOS.csproj", "{88B66972-ECCB-4402-B36F-BAC834632D64}"
EndProject
Project("{FAE04EC0-301F-11D3-BF4B-00C04F79EFBC}") = "Notes", "Notes\Notes.csproj", "{D9138AC5-EF57-4CB5-A51C-BEB7EE19FE43}"
EndProject
Global
	GlobalSection(SolutionConfigurationPlatforms) = preSolution
		Debug|iPhoneSimulator = Debug|iPhoneSimulator
		Release|iPhoneSimulator = Release|iPhoneSimulator
		Debug|iPhone = Debug|iPhone
		Release|iPhone = Release|iPhone
		Debug|Any CPU = Debug|Any CPU
		Release|Any CPU = Release|Any CPU
	EndGlobalSection
	GlobalSection(ProjectConfigurationPlatforms) = postSolution
		{88B66972-ECCB-4402-B36F-BAC834632D64}.Debug|iPhoneSimulator.ActiveCfg = Debug|iPhoneSimulator
		{88B66972-ECCB-4402-B36F-BAC834632D64}.Debug|iPhoneSimulator.Build.0 = Debug|iPhoneSimulator
		{88B66972-ECCB-4402-B36F-BAC834632D64}.Release|iPhoneSimulator.ActiveCfg = Release|iPhoneSimulator
		{88B66972-ECCB-4402-B36F-BAC834632D64}.Release|iPhoneSimulator.Build.0 = Release|iPhoneSimulator
		{88B66972-ECCB-4402-B36F-BAC834632D64}.Debug|iPhone.ActiveCfg = Debug|iPhone
		{88B66972-ECCB-4402-B36F-BAC834632D64}.Debug|iPhone.Build.0 = Debug|iPhone
		{88B66972-ECCB-4402-B36F-BAC834632D64}.Release|iPhone.ActiveCfg = Release|iPhone
		{88B66972-ECCB-4402-B36F-BAC834632D64}.Release|iPhone.Build.0 = Release|iPhone
		{88B66972-ECCB-4402-B36F-BAC834632D64}.Debug|Any CPU.ActiveCfg = Debug|iPhoneSimulator
		{88B66972-ECCB-4402-B36F-BAC834632D64}.Debug|Any CPU.Build.0 = Debug|iPhoneSimulator
		{88B66972-ECCB-4402-B36F-BAC834632D64}.Release|Any CPU.ActiveCfg = Release|iPhoneSimulator
		{88B66972-ECCB-4402-B36F-BAC834632D64}.Release|Any CPU.Build.0 = Release|iPhoneSimulator
		{D9138AC5-EF57-4CB5-A51C-BEB7EE19FE43}.Debug|iPhoneSimulator.ActiveCfg = Debug|Any CPU
		{D9138AC5-EF57-4CB5-A51C-BEB7EE19FE43}.Debug|iPhoneSimulator.Build.0 = Debug|Any CPU
		{D9138AC5-EF57-4CB5-A51C-BEB7EE19FE43}.Release|iPhoneSimulator.ActiveCfg = Release|Any CPU
		{D9138AC5-EF57-4CB5-A51C-BEB7EE19FE43}.Release|iPhoneSimulator.Build.0 = Release|Any CPU
		{D9138AC5-EF57-4CB5-A51C-BEB7EE19FE43}.Debug|iPhone.ActiveCfg = Debug|Any CPU
		{D9138AC5-EF57-4CB5-A51C-BEB7EE19FE43}.Debug|iPhone.Build.0 = Debug|Any CPU
		{D9138AC5-EF57-4CB5-A51C-BEB7EE19FE43}.Release|iPhone.ActiveCfg = Release|Any CPU
		{D9138AC5-EF57-4CB5-A51C-BEB7EE19FE43}.Release|iPhone.Build.0 = Release|Any CPU
		{D9138AC5-EF57-4CB5-A51C-BEB7EE19FE43}.Debug|Any CPU.ActiveCfg = Debug|Any CPU
		{D9138AC5-EF57-4CB5-A51C-BEB7EE19FE43}.Debug|Any CPU.Build.0 = Debug|Any CPU
		{D9138AC5-EF57-4CB5-A51C-BEB7EE19FE43}.Release|Any CPU.ActiveCfg = Release|Any CPU
		{D9138AC5-EF57-4CB5-A51C-BEB7EE19FE43}.Release|Any CPU.Build.0 = Release|Any CPU
	EndGlobalSection
	GlobalSection(SolutionProperties) = preSolution
		HideSolutionNode = FALSE
	EndGlobalSection
	GlobalSection(ExtensibilityGlobals) = postSolution
		SolutionGuid = {634F3088-ABA8-4A33-815F-BDA240E97F56}
	EndGlobalSection
EndGlobal
